
Microsoft Visual Studio Solution File, Format Version 12.00
# Visual Studio 15
VisualStudioVersion = 15.0.28010.2026
MinimumVisualStudioVersion = 10.0.40219.1
Project("{FAE04EC0-301F-11D3-BF4B-00C04F79EFBC}") = "DAL", "DAL\DAL.csproj", "{DE533ED8-EAC2-44C5-B40B-85A028533BDD}"
EndProject
Project("{FAE04EC0-301F-11D3-BF4B-00C04F79EFBC}") = "BLL", "BLL\BLL.csproj", "{B9C1DBA6-F170-4BBC-800B-A0BB506E57DB}"
EndProject
Project("{2150E333-8FDC-42A3-9474-1A3956D46DE8}") = "WebClient", "WebClient", "{2AAF2CB2-A2FC-424D-B898-26F8C5E70731}"
EndProject
Project("{E24C65DC-7377-472B-9ABA-BC803B73C61A}") = "MessengerClient", "WebClient\MessengerClient\", "{CD1341F9-E585-47CF-A492-2CA013284D4B}"
	ProjectSection(WebsiteProperties) = preProject
		TargetFrameworkMoniker = ".NETFramework,Version%3Dv4.0"
		Debug.AspNetCompiler.VirtualPath = "/localhost_50993"
		Debug.AspNetCompiler.PhysicalPath = "WebClient\MessengerClient\"
		Debug.AspNetCompiler.TargetPath = "PrecompiledWeb\localhost_50993\"
		Debug.AspNetCompiler.Updateable = "true"
		Debug.AspNetCompiler.ForceOverwrite = "true"
		Debug.AspNetCompiler.FixedNames = "false"
		Debug.AspNetCompiler.Debug = "True"
		Release.AspNetCompiler.VirtualPath = "/localhost_50993"
		Release.AspNetCompiler.PhysicalPath = "WebClient\MessengerClient\"
		Release.AspNetCompiler.TargetPath = "PrecompiledWeb\localhost_50993\"
		Release.AspNetCompiler.Updateable = "true"
		Release.AspNetCompiler.ForceOverwrite = "true"
		Release.AspNetCompiler.FixedNames = "false"
		Release.AspNetCompiler.Debug = "False"
		VWDPort = "50993"
		SlnRelativePath = "WebClient\MessengerClient\"
	EndProjectSection
EndProject
Project("{FAE04EC0-301F-11D3-BF4B-00C04F79EFBC}") = "WebAPI", "WebAPI\WebAPI.csproj", "{D70A8441-2B4C-4E09-8BA8-66FAE3C575D3}"
EndProject
Global
	GlobalSection(SolutionConfigurationPlatforms) = preSolution
		Debug|Any CPU = Debug|Any CPU
		Release|Any CPU = Release|Any CPU
	EndGlobalSection
	GlobalSection(ProjectConfigurationPlatforms) = postSolution
		{DE533ED8-EAC2-44C5-B40B-85A028533BDD}.Debug|Any CPU.ActiveCfg = Debug|Any CPU
		{DE533ED8-EAC2-44C5-B40B-85A028533BDD}.Debug|Any CPU.Build.0 = Debug|Any CPU
		{DE533ED8-EAC2-44C5-B40B-85A028533BDD}.Release|Any CPU.ActiveCfg = Release|Any CPU
		{DE533ED8-EAC2-44C5-B40B-85A028533BDD}.Release|Any CPU.Build.0 = Release|Any CPU
		{B9C1DBA6-F170-4BBC-800B-A0BB506E57DB}.Debug|Any CPU.ActiveCfg = Debug|Any CPU
		{B9C1DBA6-F170-4BBC-800B-A0BB506E57DB}.Debug|Any CPU.Build.0 = Debug|Any CPU
		{B9C1DBA6-F170-4BBC-800B-A0BB506E57DB}.Release|Any CPU.ActiveCfg = Release|Any CPU
		{B9C1DBA6-F170-4BBC-800B-A0BB506E57DB}.Release|Any CPU.Build.0 = Release|Any CPU
		{CD1341F9-E585-47CF-A492-2CA013284D4B}.Debug|Any CPU.ActiveCfg = Debug|Any CPU
		{CD1341F9-E585-47CF-A492-2CA013284D4B}.Debug|Any CPU.Build.0 = Debug|Any CPU
		{CD1341F9-E585-47CF-A492-2CA013284D4B}.Release|Any CPU.ActiveCfg = Debug|Any CPU
		{CD1341F9-E585-47CF-A492-2CA013284D4B}.Release|Any CPU.Build.0 = Debug|Any CPU
		{D70A8441-2B4C-4E09-8BA8-66FAE3C575D3}.Debug|Any CPU.ActiveCfg = Debug|Any CPU
		{D70A8441-2B4C-4E09-8BA8-66FAE3C575D3}.Debug|Any CPU.Build.0 = Debug|Any CPU
		{D70A8441-2B4C-4E09-8BA8-66FAE3C575D3}.Release|Any CPU.ActiveCfg = Release|Any CPU
		{D70A8441-2B4C-4E09-8BA8-66FAE3C575D3}.Release|Any CPU.Build.0 = Release|Any CPU
	EndGlobalSection
	GlobalSection(SolutionProperties) = preSolution
		HideSolutionNode = FALSE
	EndGlobalSection
	GlobalSection(NestedProjects) = preSolution
		{CD1341F9-E585-47CF-A492-2CA013284D4B} = {2AAF2CB2-A2FC-424D-B898-26F8C5E70731}
	EndGlobalSection
	GlobalSection(ExtensibilityGlobals) = postSolution
		SolutionGuid = {AAC6F2FE-5D1D-43A9-A898-AE7194DECAE7}
	EndGlobalSection
EndGlobal
